// !$*UTF8*$!
{
	archiveVersion = 1;
	classes = {
	};
	objectVersion = 46;
	objects = {

/* Begin PBXBuildFile section */
		B921530142356CA2807E8FAC /* Pods_Gram.framework in Frameworks */ = {isa = PBXBuildFile; fileRef = D6F87B88669CE97C929A3354 /* Pods_Gram.framework */; };
		FC2366AC1D188F7B007A060E /* AppDelegate.swift in Sources */ = {isa = PBXBuildFile; fileRef = FC2366AB1D188F7B007A060E /* AppDelegate.swift */; };
		FC2366B11D188F7B007A060E /* Main.storyboard in Resources */ = {isa = PBXBuildFile; fileRef = FC2366AF1D188F7B007A060E /* Main.storyboard */; };
		FC2366B31D188F7B007A060E /* Assets.xcassets in Resources */ = {isa = PBXBuildFile; fileRef = FC2366B21D188F7B007A060E /* Assets.xcassets */; };
		FC2366B61D188F7B007A060E /* LaunchScreen.storyboard in Resources */ = {isa = PBXBuildFile; fileRef = FC2366B41D188F7B007A060E /* LaunchScreen.storyboard */; };
		FC2366C01D1892F2007A060E /* LoginViewController.swift in Sources */ = {isa = PBXBuildFile; fileRef = FC2366BF1D1892F2007A060E /* LoginViewController.swift */; };
		FC2366C41D18ABEC007A060E /* GramFeedViewController.swift in Sources */ = {isa = PBXBuildFile; fileRef = FC2366C31D18ABEC007A060E /* GramFeedViewController.swift */; };
		FC2366C61D18B132007A060E /* FeedViewController.swift in Sources */ = {isa = PBXBuildFile; fileRef = FC2366C51D18B132007A060E /* FeedViewController.swift */; };
		FC2366C81D18B142007A060E /* MyGramViewController.swift in Sources */ = {isa = PBXBuildFile; fileRef = FC2366C71D18B142007A060E /* MyGramViewController.swift */; };
		FC2366CC1D18EE2A007A060E /* TakePictureViewController.swift in Sources */ = {isa = PBXBuildFile; fileRef = FC2366CB1D18EE2A007A060E /* TakePictureViewController.swift */; };
		FC2366D01D19F06D007A060E /* Post.swift in Sources */ = {isa = PBXBuildFile; fileRef = FC2366CF1D19F06D007A060E /* Post.swift */; };
		FC2366D21D19F672007A060E /* PostCellTableViewCell.swift in Sources */ = {isa = PBXBuildFile; fileRef = FC2366D11D19F672007A060E /* PostCellTableViewCell.swift */; };
		FC2366F41D1B382F007A060E /* InfiniteScrollActivityView.swift in Sources */ = {isa = PBXBuildFile; fileRef = FC2366F31D1B382F007A060E /* InfiniteScrollActivityView.swift */; };
		FCB21D831D1B5684004CD15D /* MyPersonalCollectionViewCell.swift in Sources */ = {isa = PBXBuildFile; fileRef = FC2367031D1B4FBC007A060E /* MyPersonalCollectionViewCell.swift */; };
		FCC5B71A1D1C7DC9000694B8 /* ImageViewController.swift in Sources */ = {isa = PBXBuildFile; fileRef = FCC5B7191D1C7DC9000694B8 /* ImageViewController.swift */; };
/* End PBXBuildFile section */

/* Begin PBXFileReference section */
		70934CE0ACF808CB996E188A /* Pods-Gram.release.xcconfig */ = {isa = PBXFileReference; includeInIndex = 1; lastKnownFileType = text.xcconfig; name = "Pods-Gram.release.xcconfig"; path = "Pods/Target Support Files/Pods-Gram/Pods-Gram.release.xcconfig"; sourceTree = "<group>"; };
		9F8A9894B93C8B07545C9B18 /* Pods-Gram.debug.xcconfig */ = {isa = PBXFileReference; includeInIndex = 1; lastKnownFileType = text.xcconfig; name = "Pods-Gram.debug.xcconfig"; path = "Pods/Target Support Files/Pods-Gram/Pods-Gram.debug.xcconfig"; sourceTree = "<group>"; };
		D6F87B88669CE97C929A3354 /* Pods_Gram.framework */ = {isa = PBXFileReference; explicitFileType = wrapper.framework; includeInIndex = 0; path = Pods_Gram.framework; sourceTree = BUILT_PRODUCTS_DIR; };
		FC2366A81D188F7B007A060E /* Gram.app */ = {isa = PBXFileReference; explicitFileType = wrapper.application; includeInIndex = 0; path = Gram.app; sourceTree = BUILT_PRODUCTS_DIR; };
		FC2366AB1D188F7B007A060E /* AppDelegate.swift */ = {isa = PBXFileReference; lastKnownFileType = sourcecode.swift; path = AppDelegate.swift; sourceTree = "<group>"; };
		FC2366B01D188F7B007A060E /* Base */ = {isa = PBXFileReference; lastKnownFileType = file.storyboard; name = Base; path = Base.lproj/Main.storyboard; sourceTree = "<group>"; };
		FC2366B21D188F7B007A060E /* Assets.xcassets */ = {isa = PBXFileReference; lastKnownFileType = folder.assetcatalog; path = Assets.xcassets; sourceTree = "<group>"; };
		FC2366B51D188F7B007A060E /* Base */ = {isa = PBXFileReference; lastKnownFileType = file.storyboard; name = Base; path = Base.lproj/LaunchScreen.storyboard; sourceTree = "<group>"; };
		FC2366B71D188F7B007A060E /* Info.plist */ = {isa = PBXFileReference; lastKnownFileType = text.plist.xml; path = Info.plist; sourceTree = "<group>"; };
		FC2366BF1D1892F2007A060E /* LoginViewController.swift */ = {isa = PBXFileReference; fileEncoding = 4; lastKnownFileType = sourcecode.swift; path = LoginViewController.swift; sourceTree = "<group>"; };
		FC2366C31D18ABEC007A060E /* GramFeedViewController.swift */ = {isa = PBXFileReference; fileEncoding = 4; lastKnownFileType = sourcecode.swift; path = GramFeedViewController.swift; sourceTree = "<group>"; };
		FC2366C51D18B132007A060E /* FeedViewController.swift */ = {isa = PBXFileReference; fileEncoding = 4; lastKnownFileType = sourcecode.swift; path = FeedViewController.swift; sourceTree = "<group>"; };
		FC2366C71D18B142007A060E /* MyGramViewController.swift */ = {isa = PBXFileReference; fileEncoding = 4; lastKnownFileType = sourcecode.swift; path = MyGramViewController.swift; sourceTree = "<group>"; };
		FC2366CB1D18EE2A007A060E /* TakePictureViewController.swift */ = {isa = PBXFileReference; fileEncoding = 4; lastKnownFileType = sourcecode.swift; path = TakePictureViewController.swift; sourceTree = "<group>"; };
		FC2366CF1D19F06D007A060E /* Post.swift */ = {isa = PBXFileReference; fileEncoding = 4; lastKnownFileType = sourcecode.swift; path = Post.swift; sourceTree = "<group>"; };
		FC2366D11D19F672007A060E /* PostCellTableViewCell.swift */ = {isa = PBXFileReference; fileEncoding = 4; lastKnownFileType = sourcecode.swift; path = PostCellTableViewCell.swift; sourceTree = "<group>"; };
		FC2366F31D1B382F007A060E /* InfiniteScrollActivityView.swift */ = {isa = PBXFileReference; fileEncoding = 4; lastKnownFileType = sourcecode.swift; path = InfiniteScrollActivityView.swift; sourceTree = "<group>"; };
		FC2367031D1B4FBC007A060E /* MyPersonalCollectionViewCell.swift */ = {isa = PBXFileReference; fileEncoding = 4; lastKnownFileType = sourcecode.swift; path = MyPersonalCollectionViewCell.swift; sourceTree = "<group>"; };
		FCC5B7191D1C7DC9000694B8 /* ImageViewController.swift */ = {isa = PBXFileReference; fileEncoding = 4; lastKnownFileType = sourcecode.swift; path = ImageViewController.swift; sourceTree = "<group>"; };
/* End PBXFileReference section */

/* Begin PBXFrameworksBuildPhase section */
		FC2366A51D188F7B007A060E /* Frameworks */ = {
			isa = PBXFrameworksBuildPhase;
			buildActionMask = 2147483647;
			files = (
				B921530142356CA2807E8FAC /* Pods_Gram.framework in Frameworks */,
			);
			runOnlyForDeploymentPostprocessing = 0;
		};
/* End PBXFrameworksBuildPhase section */

/* Begin PBXGroup section */
		30027DB7BFA772B02457EDC4 /* Pods */ = {
			isa = PBXGroup;
			children = (
				9F8A9894B93C8B07545C9B18 /* Pods-Gram.debug.xcconfig */,
				70934CE0ACF808CB996E188A /* Pods-Gram.release.xcconfig */,
			);
			name = Pods;
			sourceTree = "<group>";
		};
		7144448358D9462C2577C804 /* Frameworks */ = {
			isa = PBXGroup;
			children = (
				D6F87B88669CE97C929A3354 /* Pods_Gram.framework */,
			);
			name = Frameworks;
			sourceTree = "<group>";
		};
		FC23669F1D188F7B007A060E = {
			isa = PBXGroup;
			children = (
				FC2366AA1D188F7B007A060E /* Gram */,
				FC2366A91D188F7B007A060E /* Products */,
				30027DB7BFA772B02457EDC4 /* Pods */,
				7144448358D9462C2577C804 /* Frameworks */,
			);
			sourceTree = "<group>";
		};
		FC2366A91D188F7B007A060E /* Products */ = {
			isa = PBXGroup;
			children = (
				FC2366A81D188F7B007A060E /* Gram.app */,
			);
			name = Products;
			sourceTree = "<group>";
		};
		FC2366AA1D188F7B007A060E /* Gram */ = {
			isa = PBXGroup;
			children = (
				FC2366D41D19F692007A060E /* View Controllers */,
				FC2366AB1D188F7B007A060E /* AppDelegate.swift */,
				FC2366AF1D188F7B007A060E /* Main.storyboard */,
				FC2366B21D188F7B007A060E /* Assets.xcassets */,
				FC2366B41D188F7B007A060E /* LaunchScreen.storyboard */,
				FC2366B71D188F7B007A060E /* Info.plist */,
				FC2366D11D19F672007A060E /* PostCellTableViewCell.swift */,
				FC2366CF1D19F06D007A060E /* Post.swift */,
				FC2367031D1B4FBC007A060E /* MyPersonalCollectionViewCell.swift */,
				FCC5B7191D1C7DC9000694B8 /* ImageViewController.swift */,
			);
			path = Gram;
			sourceTree = "<group>";
		};
		FC2366D41D19F692007A060E /* View Controllers */ = {
			isa = PBXGroup;
			children = (
				FC2366C51D18B132007A060E /* FeedViewController.swift */,
				FC2366F31D1B382F007A060E /* InfiniteScrollActivityView.swift */,
				FC2366C31D18ABEC007A060E /* GramFeedViewController.swift */,
				FC2366BF1D1892F2007A060E /* LoginViewController.swift */,
				FC2366C71D18B142007A060E /* MyGramViewController.swift */,
				FC2366CB1D18EE2A007A060E /* TakePictureViewController.swift */,
			);
			name = "View Controllers";
			sourceTree = "<group>";
		};
/* End PBXGroup section */

/* Begin PBXNativeTarget section */
		FC2366A71D188F7B007A060E /* Gram */ = {
			isa = PBXNativeTarget;
			buildConfigurationList = FC2366BA1D188F7B007A060E /* Build configuration list for PBXNativeTarget "Gram" */;
			buildPhases = (
				2403A154673F88F8235E633E /* [CP] Check Pods Manifest.lock */,
				FC2366A41D188F7B007A060E /* Sources */,
				FC2366A51D188F7B007A060E /* Frameworks */,
				FC2366A61D188F7B007A060E /* Resources */,
				0F6D0333F5D05DD8564CC18A /* [CP] Embed Pods Frameworks */,
				3C43396F4C6762F3A069D54E /* [CP] Copy Pods Resources */,
			);
			buildRules = (
			);
			dependencies = (
			);
			name = Gram;
			productName = Gram;
			productReference = FC2366A81D188F7B007A060E /* Gram.app */;
			productType = "com.apple.product-type.application";
		};
/* End PBXNativeTarget section */

/* Begin PBXProject section */
		FC2366A01D188F7B007A060E /* Project object */ = {
			isa = PBXProject;
			attributes = {
				LastSwiftUpdateCheck = 0730;
				LastUpgradeCheck = 0730;
				ORGANIZATIONNAME = "Sumedha Mehta";
				TargetAttributes = {
					FC2366A71D188F7B007A060E = {
						CreatedOnToolsVersion = 7.3.1;
					};
				};
			};
			buildConfigurationList = FC2366A31D188F7B007A060E /* Build configuration list for PBXProject "Gram" */;
			compatibilityVersion = "Xcode 3.2";
			developmentRegion = English;
			hasScannedForEncodings = 0;
			knownRegions = (
				en,
				Base,
			);
			mainGroup = FC23669F1D188F7B007A060E;
			productRefGroup = FC2366A91D188F7B007A060E /* Products */;
			projectDirPath = "";
			projectRoot = "";
			targets = (
				FC2366A71D188F7B007A060E /* Gram */,
			);
		};
/* End PBXProject section */

/* Begin PBXResourcesBuildPhase section */
		FC2366A61D188F7B007A060E /* Resources */ = {
			isa = PBXResourcesBuildPhase;
			buildActionMask = 2147483647;
			files = (
				FC2366B61D188F7B007A060E /* LaunchScreen.storyboard in Resources */,
				FC2366B31D188F7B007A060E /* Assets.xcassets in Resources */,
				FC2366B11D188F7B007A060E /* Main.storyboard in Resources */,
			);
			runOnlyForDeploymentPostprocessing = 0;
		};
/* End PBXResourcesBuildPhase section */

/* Begin PBXShellScriptBuildPhase section */
		0F6D0333F5D05DD8564CC18A /* [CP] Embed Pods Frameworks */ = {
			isa = PBXShellScriptBuildPhase;
			buildActionMask = 2147483647;
			files = (
			);
			inputPaths = (
			);
			name = "[CP] Embed Pods Frameworks";
			outputPaths = (
			);
			runOnlyForDeploymentPostprocessing = 0;
			shellPath = /bin/sh;
			shellScript = "\"${SRCROOT}/Pods/Target Support Files/Pods-Gram/Pods-Gram-frameworks.sh\"\n";
			showEnvVarsInLog = 0;
		};
		2403A154673F88F8235E633E /* [CP] Check Pods Manifest.lock */ = {
			isa = PBXShellScriptBuildPhase;
			buildActionMask = 2147483647;
			files = (
			);
			inputPaths = (
			);
			name = "[CP] Check Pods Manifest.lock";
			outputPaths = (
			);
			runOnlyForDeploymentPostprocessing = 0;
			shellPath = /bin/sh;
			shellScript = "diff \"${PODS_ROOT}/../Podfile.lock\" \"${PODS_ROOT}/Manifest.lock\" > /dev/null\nif [[ $? != 0 ]] ; then\n    cat << EOM\nerror: The sandbox is not in sync with the Podfile.lock. Run 'pod install' or update your CocoaPods installation.\nEOM\n    exit 1\nfi\n";
			showEnvVarsInLog = 0;
		};
		3C43396F4C6762F3A069D54E /* [CP] Copy Pods Resources */ = {
			isa = PBXShellScriptBuildPhase;
			buildActionMask = 2147483647;
			files = (
			);
			inputPaths = (
			);
			name = "[CP] Copy Pods Resources";
			outputPaths = (
			);
			runOnlyForDeploymentPostprocessing = 0;
			shellPath = /bin/sh;
			shellScript = "\"${SRCROOT}/Pods/Target Support Files/Pods-Gram/Pods-Gram-resources.sh\"\n";
			showEnvVarsInLog = 0;
		};
/* End PBXShellScriptBuildPhase section */

/* Begin PBXSourcesBuildPhase section */
		FC2366A41D188F7B007A060E /* Sources */ = {
			isa = PBXSourcesBuildPhase;
			buildActionMask = 2147483647;
			files = (
				FCB21D831D1B5684004CD15D /* MyPersonalCollectionViewCell.swift in Sources */,
				FC2366F41D1B382F007A060E /* InfiniteScrollActivityView.swift in Sources */,
				FC2366D21D19F672007A060E /* PostCellTableViewCell.swift in Sources */,
				FC2366C01D1892F2007A060E /* LoginViewController.swift in Sources */,
				FC2366C81D18B142007A060E /* MyGramViewController.swift in Sources */,
				FC2366D01D19F06D007A060E /* Post.swift in Sources */,
				FC2366C61D18B132007A060E /* FeedViewController.swift in Sources */,
				FC2366AC1D188F7B007A060E /* AppDelegate.swift in Sources */,
				FC2366C41D18ABEC007A060E /* GramFeedViewController.swift in Sources */,
				FCC5B71A1D1C7DC9000694B8 /* ImageViewController.swift in Sources */,
				FC2366CC1D18EE2A007A060E /* TakePictureViewController.swift in Sources */,
			);
			runOnlyForDeploymentPostprocessing = 0;
		};
/* End PBXSourcesBuildPhase section */

/* Begin PBXVariantGroup section */
		FC2366AF1D188F7B007A060E /* Main.storyboard */ = {
			isa = PBXVariantGroup;
			children = (
				FC2366B01D188F7B007A060E /* Base */,
			);
			name = Main.storyboard;
			sourceTree = "<group>";
		};
		FC2366B41D188F7B007A060E /* LaunchScreen.storyboard */ = {
			isa = PBXVariantGroup;
			children = (
				FC2366B51D188F7B007A060E /* Base */,
			);
			name = LaunchScreen.storyboard;
			sourceTree = "<group>";
		};
/* End PBXVariantGroup section */

/* Begin XCBuildConfiguration section */
		FC2366B81D188F7B007A060E /* Debug */ = {
			isa = XCBuildConfiguration;
			buildSettings = {
				ALWAYS_SEARCH_USER_PATHS = NO;
				CLANG_ANALYZER_NONNULL = YES;
				CLANG_CXX_LANGUAGE_STANDARD = "gnu++0x";
				CLANG_CXX_LIBRARY = "libc++";
				CLANG_ENABLE_MODULES = YES;
				CLANG_ENABLE_OBJC_ARC = YES;
				CLANG_WARN_BOOL_CONVERSION = YES;
				CLANG_WARN_CONSTANT_CONVERSION = YES;
				CLANG_WARN_DIRECT_OBJC_ISA_USAGE = YES_ERROR;
				CLANG_WARN_EMPTY_BODY = YES;
				CLANG_WARN_ENUM_CONVERSION = YES;
				CLANG_WARN_INT_CONVERSION = YES;
				CLANG_WARN_OBJC_ROOT_CLASS = YES_ERROR;
				CLANG_WARN_UNREACHABLE_CODE = YES;
				CLANG_WARN__DUPLICATE_METHOD_MATCH = YES;
				"CODE_SIGN_IDENTITY[sdk=iphoneos*]" = "iPhone Developer";
				COPY_PHASE_STRIP = NO;
				DEBUG_INFORMATION_FORMAT = dwarf;
				ENABLE_STRICT_OBJC_MSGSEND = YES;
				ENABLE_TESTABILITY = YES;
				GCC_C_LANGUAGE_STANDARD = gnu99;
				GCC_DYNAMIC_NO_PIC = NO;
				GCC_NO_COMMON_BLOCKS = YES;
				GCC_OPTIMIZATION_LEVEL = 0;
				GCC_PREPROCESSOR_DEFINITIONS = (
					"DEBUG=1",
					"$(inherited)",
				);
				GCC_WARN_64_TO_32_BIT_CONVERSION = YES;
				GCC_WARN_ABOUT_RETURN_TYPE = YES_ERROR;
				GCC_WARN_UNDECLARED_SELECTOR = YES;
				GCC_WARN_UNINITIALIZED_AUTOS = YES_AGGRESSIVE;
				GCC_WARN_UNUSED_FUNCTION = YES;
				GCC_WARN_UNUSED_VARIABLE = YES;
				IPHONEOS_DEPLOYMENT_TARGET = 9.3;
				MTL_ENABLE_DEBUG_INFO = YES;
				ONLY_ACTIVE_ARCH = YES;
				SDKROOT = iphoneos;
				SWIFT_OPTIMIZATION_LEVEL = "-Onone";
			};
			name = Debug;
		};
		FC2366B91D188F7B007A060E /* Release */ = {
			isa = XCBuildConfiguration;
			buildSettings = {
				ALWAYS_SEARCH_USER_PATHS = NO;
				CLANG_ANALYZER_NONNULL = YES;
				CLANG_CXX_LANGUAGE_STANDARD = "gnu++0x";
				CLANG_CXX_LIBRARY = "libc++";
				CLANG_ENABLE_MODULES = YES;
				CLANG_ENABLE_OBJC_ARC = YES;
				CLANG_WARN_BOOL_CONVERSION = YES;
				CLANG_WARN_CONSTANT_CONVERSION = YES;
				CLANG_WARN_DIRECT_OBJC_ISA_USAGE = YES_ERROR;
				CLANG_WARN_EMPTY_BODY = YES;
				CLANG_WARN_ENUM_CONVERSION = YES;
				CLANG_WARN_INT_CONVERSION = YES;
				CLANG_WARN_OBJC_ROOT_CLASS = YES_ERROR;
				CLANG_WARN_UNREACHABLE_CODE = YES;
				CLANG_WARN__DUPLICATE_METHOD_MATCH = YES;
				"CODE_SIGN_IDENTITY[sdk=iphoneos*]" = "iPhone Developer";
				COPY_PHASE_STRIP = NO;
				DEBUG_INFORMATION_FORMAT = "dwarf-with-dsym";
				ENABLE_NS_ASSERTIONS = NO;
				ENABLE_STRICT_OBJC_MSGSEND = YES;
				GCC_C_LANGUAGE_STANDARD = gnu99;
				GCC_NO_COMMON_BLOCKS = YES;
				GCC_WARN_64_TO_32_BIT_CONVERSION = YES;
				GCC_WARN_ABOUT_RETURN_TYPE = YES_ERROR;
				GCC_WARN_UNDECLARED_SELECTOR = YES;
				GCC_WARN_UNINITIALIZED_AUTOS = YES_AGGRESSIVE;
				GCC_WARN_UNUSED_FUNCTION = YES;
				GCC_WARN_UNUSED_VARIABLE = YES;
				IPHONEOS_DEPLOYMENT_TARGET = 9.3;
				MTL_ENABLE_DEBUG_INFO = NO;
				SDKROOT = iphoneos;
				VALIDATE_PRODUCT = YES;
			};
			name = Release;
		};
		FC2366BB1D188F7B007A060E /* Debug */ = {
			isa = XCBuildConfiguration;
			baseConfigurationReference = 9F8A9894B93C8B07545C9B18 /* Pods-Gram.debug.xcconfig */;
			buildSettings = {
				ASSETCATALOG_COMPILER_APPICON_NAME = AppIcon;
				INFOPLIST_FILE = Gram/Info.plist;
				LD_RUNPATH_SEARCH_PATHS = "$(inherited) @executable_path/Frameworks";
				PRODUCT_BUNDLE_IDENTIFIER = com.codepath.Gram;
				PRODUCT_NAME = "$(TARGET_NAME)";
			};
			name = Debug;
		};
		FC2366BC1D188F7B007A060E /* Release */ = {
			isa = XCBuildConfiguration;
			baseConfigurationReference = 70934CE0ACF808CB996E188A /* Pods-Gram.release.xcconfig */;
			buildSettings = {
				ASSETCATALOG_COMPILER_APPICON_NAME = AppIcon;
				INFOPLIST_FILE = Gram/Info.plist;
				LD_RUNPATH_SEARCH_PATHS = "$(inherited) @executable_path/Frameworks";
				PRODUCT_BUNDLE_IDENTIFIER = com.codepath.Gram;
				PRODUCT_NAME = "$(TARGET_NAME)";
			};
			name = Release;
		};
/* End XCBuildConfiguration section */

/* Begin XCConfigurationList section */
		FC2366A31D188F7B007A060E /* Build configuration list for PBXProject "Gram" */ = {
			isa = XCConfigurationList;
			buildConfigurations = (
				FC2366B81D188F7B007A060E /* Debug */,
				FC2366B91D188F7B007A060E /* Release */,
			);
			defaultConfigurationIsVisible = 0;
			defaultConfigurationName = Release;
		};
		FC2366BA1D188F7B007A060E /* Build configuration list for PBXNativeTarget "Gram" */ = {
			isa = XCConfigurationList;
			buildConfigurations = (
				FC2366BB1D188F7B007A060E /* Debug */,
				FC2366BC1D188F7B007A060E /* Release */,
			);
			defaultConfigurationIsVisible = 0;
			defaultConfigurationName = Release;
		};
/* End XCConfigurationList section */
	};
	rootObject = FC2366A01D188F7B007A060E /* Project object */;
}
